github.com/TechLatinPublishing/TLP006-MAIN-CONTENT v0.0.0-20231209014315-9950cf27b2c6 h1:VP2APP1pa4n8uEulZhF/urHVHkC+a+CFdAPARIsm1qI=
github.com/TechLatinPublishing/TLP006-MAIN-CONTENT v0.0.0-20231209014315-9950cf27b2c6/go.mod h1:UmiKgxOL6EdVMnWRtMmhAvuhZ5mOlqgrLXY/RPgB1zU=
github.com/TechLatinPublishing/TLP006-Modifications v0.0.0-20231212151549-3b47de2e5961 h1:2nCwTTUiVGd0c1tJCASfTVIiaYsJ8VXAVfouPa63/ME=
github.com/TechLatinPublishing/TLP006-Modifications v0.0.0-20231212151549-3b47de2e5961/go.mod h1:NB7U5y8LD1Jm3HHZ/mtdgYqvPliazxvv8O1jSBmb2gA=
