github.com/TechLatinPublishing/TLP007-MAIN-CONTENT v0.0.0-20231215060943-23c767ee8a6c h1:IHEuHKQPvlOYBXsp6jx/IeIBNl8jXUCIS/OIP2Lq9yg=
github.com/TechLatinPublishing/TLP007-MAIN-CONTENT v0.0.0-20231215060943-23c767ee8a6c/go.mod h1:yapk1cgsoZfcqbIMZZ9Ufl8fHAyfhluE7SMwu8NjlUk=
github.com/TechLatinPublishing/TLP007-Modifications v0.0.0-20231215061114-cb69a30f1e70 h1:Ec1c/4ZEcmk+vw0L8Sst4GRIxKrgY+2lm6D+gfJ2KrY=
github.com/TechLatinPublishing/TLP007-Modifications v0.0.0-20231215061114-cb69a30f1e70/go.mod h1:eYWxkP8y187T9ZojYHhaYsgRH1dzhwvOvDKIDNh+LTc=
